
Microsoft Visual Studio Solution File, Format Version 12.00
# Visual Studio 15
VisualStudioVersion = 15.0.28307.779
MinimumVisualStudioVersion = 10.0.40219.1
Project("{FAE04EC0-301F-11D3-BF4B-00C04F79EFBC}") = "paymybill.web.app", "paymybill.web.app\paymybill.web.app.csproj", "{6BB7D967-D14E-4F50-8559-2127CCA0FE6A}"
EndProject
Project("{FAE04EC0-301F-11D3-BF4B-00C04F79EFBC}") = "paymybill.entities", "paymybill.entities\paymybill.entities.csproj", "{85097FB4-EFEE-40B9-A0C6-82DBFD8A5ED5}"
EndProject
Global
	GlobalSection(SolutionConfigurationPlatforms) = preSolution
		Debug|Any CPU = Debug|Any CPU
		Release|Any CPU = Release|Any CPU
	EndGlobalSection
	GlobalSection(ProjectConfigurationPlatforms) = postSolution
		{6BB7D967-D14E-4F50-8559-2127CCA0FE6A}.Debug|Any CPU.ActiveCfg = Debug|Any CPU
		{6BB7D967-D14E-4F50-8559-2127CCA0FE6A}.Debug|Any CPU.Build.0 = Debug|Any CPU
		{6BB7D967-D14E-4F50-8559-2127CCA0FE6A}.Release|Any CPU.ActiveCfg = Release|Any CPU
		{6BB7D967-D14E-4F50-8559-2127CCA0FE6A}.Release|Any CPU.Build.0 = Release|Any CPU
		{85097FB4-EFEE-40B9-A0C6-82DBFD8A5ED5}.Debug|Any CPU.ActiveCfg = Debug|Any CPU
		{85097FB4-EFEE-40B9-A0C6-82DBFD8A5ED5}.Debug|Any CPU.Build.0 = Debug|Any CPU
		{85097FB4-EFEE-40B9-A0C6-82DBFD8A5ED5}.Release|Any CPU.ActiveCfg = Release|Any CPU
		{85097FB4-EFEE-40B9-A0C6-82DBFD8A5ED5}.Release|Any CPU.Build.0 = Release|Any CPU
	EndGlobalSection
	GlobalSection(SolutionProperties) = preSolution
		HideSolutionNode = FALSE
	EndGlobalSection
	GlobalSection(ExtensibilityGlobals) = postSolution
		SolutionGuid = {2A6D6D96-86AE-446D-890D-B96FC01898A6}
	EndGlobalSection
EndGlobal
